
Microsoft Visual Studio Solution File, Format Version 12.00
# Visual Studio 14
VisualStudioVersion = 14.0.23107.0
MinimumVisualStudioVersion = 10.0.40219.1
Project("{FAE04EC0-301F-11D3-BF4B-00C04F79EFBC}") = "01ReverseString", "01ReverseString\01ReverseString.csproj", "{3182DB98-4BC8-4FD1-9961-C26DA1B850D7}"
EndProject
Project("{FAE04EC0-301F-11D3-BF4B-00C04F79EFBC}") = "02StringLength", "02StringLength\02StringLength.csproj", "{15221A0B-E154-46ED-A40D-0CE96D48B923}"
EndProject
Project("{FAE04EC0-301F-11D3-BF4B-00C04F79EFBC}") = "03FormattingNumbes", "03FormattingNumbes\03FormattingNumbes.csproj", "{6EF3B12F-0E72-4A30-9A99-0DEE681F7431}"
EndProject
Project("{FAE04EC0-301F-11D3-BF4B-00C04F79EFBC}") = "04BaseTenToBaseN", "04BaseTenToBaseN\04BaseTenToBaseN.csproj", "{AC5B61DB-53E7-4734-931A-8BF6A337298C}"
EndProject
Project("{FAE04EC0-301F-11D3-BF4B-00C04F79EFBC}") = "05BaseNToBaseTen", "05BaseNToBaseTen\05BaseNToBaseTen.csproj", "{D2ED3383-F24D-48CE-9B75-11C38BBCD0E3}"
EndProject
Project("{FAE04EC0-301F-11D3-BF4B-00C04F79EFBC}") = "06SubstringOccurrences", "06SubstringOccurrences\06SubstringOccurrences.csproj", "{80BBF290-A221-45AB-A7FA-3FB9E8FB4B62}"
EndProject
Project("{FAE04EC0-301F-11D3-BF4B-00C04F79EFBC}") = "07SumBigNumbers", "07SumBigNumbers\07SumBigNumbers.csproj", "{B1FAE995-03A2-4D24-A426-8175C2A5DBF5}"
EndProject
Project("{FAE04EC0-301F-11D3-BF4B-00C04F79EFBC}") = "08MultiplyBigNumbers", "08MultiplyBigNumbers\08MultiplyBigNumbers.csproj", "{E8A22DD0-D004-446D-B05C-F8FC6EBF9465}"
EndProject
Global
	GlobalSection(SolutionConfigurationPlatforms) = preSolution
		Debug|Any CPU = Debug|Any CPU
		Release|Any CPU = Release|Any CPU
	EndGlobalSection
	GlobalSection(ProjectConfigurationPlatforms) = postSolution
		{3182DB98-4BC8-4FD1-9961-C26DA1B850D7}.Debug|Any CPU.ActiveCfg = Debug|Any CPU
		{3182DB98-4BC8-4FD1-9961-C26DA1B850D7}.Debug|Any CPU.Build.0 = Debug|Any CPU
		{3182DB98-4BC8-4FD1-9961-C26DA1B850D7}.Release|Any CPU.ActiveCfg = Release|Any CPU
		{3182DB98-4BC8-4FD1-9961-C26DA1B850D7}.Release|Any CPU.Build.0 = Release|Any CPU
		{15221A0B-E154-46ED-A40D-0CE96D48B923}.Debug|Any CPU.ActiveCfg = Debug|Any CPU
		{15221A0B-E154-46ED-A40D-0CE96D48B923}.Debug|Any CPU.Build.0 = Debug|Any CPU
		{15221A0B-E154-46ED-A40D-0CE96D48B923}.Release|Any CPU.ActiveCfg = Release|Any CPU
		{15221A0B-E154-46ED-A40D-0CE96D48B923}.Release|Any CPU.Build.0 = Release|Any CPU
		{6EF3B12F-0E72-4A30-9A99-0DEE681F7431}.Debug|Any CPU.ActiveCfg = Debug|Any CPU
		{6EF3B12F-0E72-4A30-9A99-0DEE681F7431}.Debug|Any CPU.Build.0 = Debug|Any CPU
		{6EF3B12F-0E72-4A30-9A99-0DEE681F7431}.Release|Any CPU.ActiveCfg = Release|Any CPU
		{6EF3B12F-0E72-4A30-9A99-0DEE681F7431}.Release|Any CPU.Build.0 = Release|Any CPU
		{AC5B61DB-53E7-4734-931A-8BF6A337298C}.Debug|Any CPU.ActiveCfg = Debug|Any CPU
		{AC5B61DB-53E7-4734-931A-8BF6A337298C}.Debug|Any CPU.Build.0 = Debug|Any CPU
		{AC5B61DB-53E7-4734-931A-8BF6A337298C}.Release|Any CPU.ActiveCfg = Release|Any CPU
		{AC5B61DB-53E7-4734-931A-8BF6A337298C}.Release|Any CPU.Build.0 = Release|Any CPU
		{D2ED3383-F24D-48CE-9B75-11C38BBCD0E3}.Debug|Any CPU.ActiveCfg = Debug|Any CPU
		{D2ED3383-F24D-48CE-9B75-11C38BBCD0E3}.Debug|Any CPU.Build.0 = Debug|Any CPU
		{D2ED3383-F24D-48CE-9B75-11C38BBCD0E3}.Release|Any CPU.ActiveCfg = Release|Any CPU
		{D2ED3383-F24D-48CE-9B75-11C38BBCD0E3}.Release|Any CPU.Build.0 = Release|Any CPU
		{80BBF290-A221-45AB-A7FA-3FB9E8FB4B62}.Debug|Any CPU.ActiveCfg = Debug|Any CPU
		{80BBF290-A221-45AB-A7FA-3FB9E8FB4B62}.Debug|Any CPU.Build.0 = Debug|Any CPU
		{80BBF290-A221-45AB-A7FA-3FB9E8FB4B62}.Release|Any CPU.ActiveCfg = Release|Any CPU
		{80BBF290-A221-45AB-A7FA-3FB9E8FB4B62}.Release|Any CPU.Build.0 = Release|Any CPU
		{B1FAE995-03A2-4D24-A426-8175C2A5DBF5}.Debug|Any CPU.ActiveCfg = Debug|Any CPU
		{B1FAE995-03A2-4D24-A426-8175C2A5DBF5}.Debug|Any CPU.Build.0 = Debug|Any CPU
		{B1FAE995-03A2-4D24-A426-8175C2A5DBF5}.Release|Any CPU.ActiveCfg = Release|Any CPU
		{B1FAE995-03A2-4D24-A426-8175C2A5DBF5}.Release|Any CPU.Build.0 = Release|Any CPU
		{E8A22DD0-D004-446D-B05C-F8FC6EBF9465}.Debug|Any CPU.ActiveCfg = Debug|Any CPU
		{E8A22DD0-D004-446D-B05C-F8FC6EBF9465}.Debug|Any CPU.Build.0 = Debug|Any CPU
		{E8A22DD0-D004-446D-B05C-F8FC6EBF9465}.Release|Any CPU.ActiveCfg = Release|Any CPU
		{E8A22DD0-D004-446D-B05C-F8FC6EBF9465}.Release|Any CPU.Build.0 = Release|Any CPU
	EndGlobalSection
	GlobalSection(SolutionProperties) = preSolution
		HideSolutionNode = FALSE
	EndGlobalSection
EndGlobal
