
Microsoft Visual Studio Solution File, Format Version 12.00
# Visual Studio 14
VisualStudioVersion = 14.0.24720.0
MinimumVisualStudioVersion = 10.0.40219.1
Project("{FAE04EC0-301F-11D3-BF4B-00C04F79EFBC}") = "Console", "Console\Console.csproj", "{B858046B-943C-43FE-A8C3-8BC345440DD9}"
EndProject
Project("{FAE04EC0-301F-11D3-BF4B-00C04F79EFBC}") = "SnakeNew", "SnakeNew\SnakeNew.csproj", "{3C314A77-1571-41CD-B11A-AC6D5191961A}"
EndProject
Project("{FAE04EC0-301F-11D3-BF4B-00C04F79EFBC}") = "SumThreeNumbers", "SumThreeNumbers\SumThreeNumbers.csproj", "{4DB30C3E-50A9-4A2C-B688-8E92ECD46BF0}"
EndProject
Project("{FAE04EC0-301F-11D3-BF4B-00C04F79EFBC}") = "CompanyInformation", "CompanyInformation\CompanyInformation.csproj", "{00795F8D-AB7E-46A6-AAE1-25FD7B97BF0E}"
EndProject
Project("{FAE04EC0-301F-11D3-BF4B-00C04F79EFBC}") = "NumberComparer", "NumberComparer\NumberComparer.csproj", "{0CE307B4-DD48-4F1B-8B6C-A2868BA54EC9}"
EndProject
Project("{FAE04EC0-301F-11D3-BF4B-00C04F79EFBC}") = "CircleArea", "CircleArea\CircleArea.csproj", "{40C36E99-6FA0-4E5A-968A-66E08AB1C72D}"
EndProject
Project("{FAE04EC0-301F-11D3-BF4B-00C04F79EFBC}") = "SunFiveNumbers", "SunFiveNumbers\SunFiveNumbers.csproj", "{4946EA48-9682-4059-BD81-470AD59392F2}"
EndProject
Project("{FAE04EC0-301F-11D3-BF4B-00C04F79EFBC}") = "Numbers", "Numbers\Numbers.csproj", "{BF6BF127-BE95-49E6-B264-BD48FF0CC6A6}"
EndProject
Project("{FAE04EC0-301F-11D3-BF4B-00C04F79EFBC}") = "SumNumbers", "SumNumbers\SumNumbers.csproj", "{6685C768-FCF8-43F7-A903-D9BFC5B58B15}"
EndProject
Project("{FAE04EC0-301F-11D3-BF4B-00C04F79EFBC}") = "Fibonacci", "Fibonacci\Fibonacci.csproj", "{35CDC41C-192E-4176-8DE8-F40C262FEEA9}"
EndProject
Global
	GlobalSection(SolutionConfigurationPlatforms) = preSolution
		Debug|Any CPU = Debug|Any CPU
		Release|Any CPU = Release|Any CPU
	EndGlobalSection
	GlobalSection(ProjectConfigurationPlatforms) = postSolution
		{B858046B-943C-43FE-A8C3-8BC345440DD9}.Debug|Any CPU.ActiveCfg = Debug|Any CPU
		{B858046B-943C-43FE-A8C3-8BC345440DD9}.Debug|Any CPU.Build.0 = Debug|Any CPU
		{B858046B-943C-43FE-A8C3-8BC345440DD9}.Release|Any CPU.ActiveCfg = Release|Any CPU
		{B858046B-943C-43FE-A8C3-8BC345440DD9}.Release|Any CPU.Build.0 = Release|Any CPU
		{3C314A77-1571-41CD-B11A-AC6D5191961A}.Debug|Any CPU.ActiveCfg = Debug|Any CPU
		{3C314A77-1571-41CD-B11A-AC6D5191961A}.Debug|Any CPU.Build.0 = Debug|Any CPU
		{3C314A77-1571-41CD-B11A-AC6D5191961A}.Release|Any CPU.ActiveCfg = Release|Any CPU
		{3C314A77-1571-41CD-B11A-AC6D5191961A}.Release|Any CPU.Build.0 = Release|Any CPU
		{4DB30C3E-50A9-4A2C-B688-8E92ECD46BF0}.Debug|Any CPU.ActiveCfg = Debug|Any CPU
		{4DB30C3E-50A9-4A2C-B688-8E92ECD46BF0}.Debug|Any CPU.Build.0 = Debug|Any CPU
		{4DB30C3E-50A9-4A2C-B688-8E92ECD46BF0}.Release|Any CPU.ActiveCfg = Release|Any CPU
		{4DB30C3E-50A9-4A2C-B688-8E92ECD46BF0}.Release|Any CPU.Build.0 = Release|Any CPU
		{00795F8D-AB7E-46A6-AAE1-25FD7B97BF0E}.Debug|Any CPU.ActiveCfg = Debug|Any CPU
		{00795F8D-AB7E-46A6-AAE1-25FD7B97BF0E}.Debug|Any CPU.Build.0 = Debug|Any CPU
		{00795F8D-AB7E-46A6-AAE1-25FD7B97BF0E}.Release|Any CPU.ActiveCfg = Release|Any CPU
		{00795F8D-AB7E-46A6-AAE1-25FD7B97BF0E}.Release|Any CPU.Build.0 = Release|Any CPU
		{0CE307B4-DD48-4F1B-8B6C-A2868BA54EC9}.Debug|Any CPU.ActiveCfg = Debug|Any CPU
		{0CE307B4-DD48-4F1B-8B6C-A2868BA54EC9}.Debug|Any CPU.Build.0 = Debug|Any CPU
		{0CE307B4-DD48-4F1B-8B6C-A2868BA54EC9}.Release|Any CPU.ActiveCfg = Release|Any CPU
		{0CE307B4-DD48-4F1B-8B6C-A2868BA54EC9}.Release|Any CPU.Build.0 = Release|Any CPU
		{40C36E99-6FA0-4E5A-968A-66E08AB1C72D}.Debug|Any CPU.ActiveCfg = Debug|Any CPU
		{40C36E99-6FA0-4E5A-968A-66E08AB1C72D}.Debug|Any CPU.Build.0 = Debug|Any CPU
		{40C36E99-6FA0-4E5A-968A-66E08AB1C72D}.Release|Any CPU.ActiveCfg = Release|Any CPU
		{40C36E99-6FA0-4E5A-968A-66E08AB1C72D}.Release|Any CPU.Build.0 = Release|Any CPU
		{4946EA48-9682-4059-BD81-470AD59392F2}.Debug|Any CPU.ActiveCfg = Debug|Any CPU
		{4946EA48-9682-4059-BD81-470AD59392F2}.Debug|Any CPU.Build.0 = Debug|Any CPU
		{4946EA48-9682-4059-BD81-470AD59392F2}.Release|Any CPU.ActiveCfg = Release|Any CPU
		{4946EA48-9682-4059-BD81-470AD59392F2}.Release|Any CPU.Build.0 = Release|Any CPU
		{BF6BF127-BE95-49E6-B264-BD48FF0CC6A6}.Debug|Any CPU.ActiveCfg = Debug|Any CPU
		{BF6BF127-BE95-49E6-B264-BD48FF0CC6A6}.Debug|Any CPU.Build.0 = Debug|Any CPU
		{BF6BF127-BE95-49E6-B264-BD48FF0CC6A6}.Release|Any CPU.ActiveCfg = Release|Any CPU
		{BF6BF127-BE95-49E6-B264-BD48FF0CC6A6}.Release|Any CPU.Build.0 = Release|Any CPU
		{6685C768-FCF8-43F7-A903-D9BFC5B58B15}.Debug|Any CPU.ActiveCfg = Debug|Any CPU
		{6685C768-FCF8-43F7-A903-D9BFC5B58B15}.Debug|Any CPU.Build.0 = Debug|Any CPU
		{6685C768-FCF8-43F7-A903-D9BFC5B58B15}.Release|Any CPU.ActiveCfg = Release|Any CPU
		{6685C768-FCF8-43F7-A903-D9BFC5B58B15}.Release|Any CPU.Build.0 = Release|Any CPU
		{35CDC41C-192E-4176-8DE8-F40C262FEEA9}.Debug|Any CPU.ActiveCfg = Debug|Any CPU
		{35CDC41C-192E-4176-8DE8-F40C262FEEA9}.Debug|Any CPU.Build.0 = Debug|Any CPU
		{35CDC41C-192E-4176-8DE8-F40C262FEEA9}.Release|Any CPU.ActiveCfg = Release|Any CPU
		{35CDC41C-192E-4176-8DE8-F40C262FEEA9}.Release|Any CPU.Build.0 = Release|Any CPU
	EndGlobalSection
	GlobalSection(SolutionProperties) = preSolution
		HideSolutionNode = FALSE
	EndGlobalSection
EndGlobal
