
Microsoft Visual Studio Solution File, Format Version 12.00
# Visual Studio 14
VisualStudioVersion = 14.0.24720.0
MinimumVisualStudioVersion = 10.0.40219.1
Project("{FAE04EC0-301F-11D3-BF4B-00C04F79EFBC}") = "Problem1", "Problem1\Problem1.csproj", "{C6E2C53F-93B0-4935-B07A-4693275CB467}"
EndProject
Project("{FAE04EC0-301F-11D3-BF4B-00C04F79EFBC}") = "Problem2", "Problem2\Problem2.csproj", "{2B83318D-9D1B-4AD5-A269-B65D679F8D39}"
EndProject
Project("{FAE04EC0-301F-11D3-BF4B-00C04F79EFBC}") = "Problem3", "Problem3\Problem3.csproj", "{D4766B4D-55F9-4AF6-8658-8991E12A2B46}"
EndProject
Project("{FAE04EC0-301F-11D3-BF4B-00C04F79EFBC}") = "Problem4", "Problem4\Problem4.csproj", "{30F5C83C-39D9-4947-9158-E6B9A1559752}"
EndProject
Project("{FAE04EC0-301F-11D3-BF4B-00C04F79EFBC}") = "Problem5", "Problem5\Problem5.csproj", "{A854FC0A-4B71-4448-922D-37C055D1AFAE}"
EndProject
Project("{FAE04EC0-301F-11D3-BF4B-00C04F79EFBC}") = "Problem6", "Problem6\Problem6.csproj", "{044DCB78-AE75-429D-BFBF-DFA0C65AF531}"
EndProject
Project("{FAE04EC0-301F-11D3-BF4B-00C04F79EFBC}") = "Problem7", "Problem7\Problem7.csproj", "{77A2E808-5BF0-4C0C-B1E3-3EA37FFCC354}"
EndProject
Project("{FAE04EC0-301F-11D3-BF4B-00C04F79EFBC}") = "Problem8", "Problem8\Problem8.csproj", "{533D8F97-5E88-435C-97FE-0BC76AF25313}"
EndProject
Project("{FAE04EC0-301F-11D3-BF4B-00C04F79EFBC}") = "Problem9", "Problem9\Problem9.csproj", "{A49E71F2-6F0B-453C-8CFF-67051CBC6FB1}"
EndProject
Project("{FAE04EC0-301F-11D3-BF4B-00C04F79EFBC}") = "Problem10", "Problem10\Problem10.csproj", "{E6B8E321-7D15-48BF-89F7-667EF1EA64CD}"
EndProject
Project("{FAE04EC0-301F-11D3-BF4B-00C04F79EFBC}") = "Problem11", "Problem11\Problem11.csproj", "{B3686D03-C929-47B2-AE66-56625DFF57CB}"
EndProject
Project("{FAE04EC0-301F-11D3-BF4B-00C04F79EFBC}") = "Problem12", "Problem12\Problem12.csproj", "{74D87DBF-C2EF-4F14-A68F-6171B1CB28A4}"
EndProject
Global
	GlobalSection(SolutionConfigurationPlatforms) = preSolution
		Debug|Any CPU = Debug|Any CPU
		Release|Any CPU = Release|Any CPU
	EndGlobalSection
	GlobalSection(ProjectConfigurationPlatforms) = postSolution
		{C6E2C53F-93B0-4935-B07A-4693275CB467}.Debug|Any CPU.ActiveCfg = Debug|Any CPU
		{C6E2C53F-93B0-4935-B07A-4693275CB467}.Debug|Any CPU.Build.0 = Debug|Any CPU
		{C6E2C53F-93B0-4935-B07A-4693275CB467}.Release|Any CPU.ActiveCfg = Release|Any CPU
		{C6E2C53F-93B0-4935-B07A-4693275CB467}.Release|Any CPU.Build.0 = Release|Any CPU
		{2B83318D-9D1B-4AD5-A269-B65D679F8D39}.Debug|Any CPU.ActiveCfg = Debug|Any CPU
		{2B83318D-9D1B-4AD5-A269-B65D679F8D39}.Debug|Any CPU.Build.0 = Debug|Any CPU
		{2B83318D-9D1B-4AD5-A269-B65D679F8D39}.Release|Any CPU.ActiveCfg = Release|Any CPU
		{2B83318D-9D1B-4AD5-A269-B65D679F8D39}.Release|Any CPU.Build.0 = Release|Any CPU
		{D4766B4D-55F9-4AF6-8658-8991E12A2B46}.Debug|Any CPU.ActiveCfg = Debug|Any CPU
		{D4766B4D-55F9-4AF6-8658-8991E12A2B46}.Debug|Any CPU.Build.0 = Debug|Any CPU
		{D4766B4D-55F9-4AF6-8658-8991E12A2B46}.Release|Any CPU.ActiveCfg = Release|Any CPU
		{D4766B4D-55F9-4AF6-8658-8991E12A2B46}.Release|Any CPU.Build.0 = Release|Any CPU
		{30F5C83C-39D9-4947-9158-E6B9A1559752}.Debug|Any CPU.ActiveCfg = Debug|Any CPU
		{30F5C83C-39D9-4947-9158-E6B9A1559752}.Debug|Any CPU.Build.0 = Debug|Any CPU
		{30F5C83C-39D9-4947-9158-E6B9A1559752}.Release|Any CPU.ActiveCfg = Release|Any CPU
		{30F5C83C-39D9-4947-9158-E6B9A1559752}.Release|Any CPU.Build.0 = Release|Any CPU
		{A854FC0A-4B71-4448-922D-37C055D1AFAE}.Debug|Any CPU.ActiveCfg = Debug|Any CPU
		{A854FC0A-4B71-4448-922D-37C055D1AFAE}.Debug|Any CPU.Build.0 = Debug|Any CPU
		{A854FC0A-4B71-4448-922D-37C055D1AFAE}.Release|Any CPU.ActiveCfg = Release|Any CPU
		{A854FC0A-4B71-4448-922D-37C055D1AFAE}.Release|Any CPU.Build.0 = Release|Any CPU
		{044DCB78-AE75-429D-BFBF-DFA0C65AF531}.Debug|Any CPU.ActiveCfg = Debug|Any CPU
		{044DCB78-AE75-429D-BFBF-DFA0C65AF531}.Debug|Any CPU.Build.0 = Debug|Any CPU
		{044DCB78-AE75-429D-BFBF-DFA0C65AF531}.Release|Any CPU.ActiveCfg = Release|Any CPU
		{044DCB78-AE75-429D-BFBF-DFA0C65AF531}.Release|Any CPU.Build.0 = Release|Any CPU
		{77A2E808-5BF0-4C0C-B1E3-3EA37FFCC354}.Debug|Any CPU.ActiveCfg = Debug|Any CPU
		{77A2E808-5BF0-4C0C-B1E3-3EA37FFCC354}.Debug|Any CPU.Build.0 = Debug|Any CPU
		{77A2E808-5BF0-4C0C-B1E3-3EA37FFCC354}.Release|Any CPU.ActiveCfg = Release|Any CPU
		{77A2E808-5BF0-4C0C-B1E3-3EA37FFCC354}.Release|Any CPU.Build.0 = Release|Any CPU
		{533D8F97-5E88-435C-97FE-0BC76AF25313}.Debug|Any CPU.ActiveCfg = Debug|Any CPU
		{533D8F97-5E88-435C-97FE-0BC76AF25313}.Debug|Any CPU.Build.0 = Debug|Any CPU
		{533D8F97-5E88-435C-97FE-0BC76AF25313}.Release|Any CPU.ActiveCfg = Release|Any CPU
		{533D8F97-5E88-435C-97FE-0BC76AF25313}.Release|Any CPU.Build.0 = Release|Any CPU
		{A49E71F2-6F0B-453C-8CFF-67051CBC6FB1}.Debug|Any CPU.ActiveCfg = Debug|Any CPU
		{A49E71F2-6F0B-453C-8CFF-67051CBC6FB1}.Debug|Any CPU.Build.0 = Debug|Any CPU
		{A49E71F2-6F0B-453C-8CFF-67051CBC6FB1}.Release|Any CPU.ActiveCfg = Release|Any CPU
		{A49E71F2-6F0B-453C-8CFF-67051CBC6FB1}.Release|Any CPU.Build.0 = Release|Any CPU
		{E6B8E321-7D15-48BF-89F7-667EF1EA64CD}.Debug|Any CPU.ActiveCfg = Debug|Any CPU
		{E6B8E321-7D15-48BF-89F7-667EF1EA64CD}.Debug|Any CPU.Build.0 = Debug|Any CPU
		{E6B8E321-7D15-48BF-89F7-667EF1EA64CD}.Release|Any CPU.ActiveCfg = Release|Any CPU
		{E6B8E321-7D15-48BF-89F7-667EF1EA64CD}.Release|Any CPU.Build.0 = Release|Any CPU
		{B3686D03-C929-47B2-AE66-56625DFF57CB}.Debug|Any CPU.ActiveCfg = Debug|Any CPU
		{B3686D03-C929-47B2-AE66-56625DFF57CB}.Debug|Any CPU.Build.0 = Debug|Any CPU
		{B3686D03-C929-47B2-AE66-56625DFF57CB}.Release|Any CPU.ActiveCfg = Release|Any CPU
		{B3686D03-C929-47B2-AE66-56625DFF57CB}.Release|Any CPU.Build.0 = Release|Any CPU
		{74D87DBF-C2EF-4F14-A68F-6171B1CB28A4}.Debug|Any CPU.ActiveCfg = Debug|Any CPU
		{74D87DBF-C2EF-4F14-A68F-6171B1CB28A4}.Debug|Any CPU.Build.0 = Debug|Any CPU
		{74D87DBF-C2EF-4F14-A68F-6171B1CB28A4}.Release|Any CPU.ActiveCfg = Release|Any CPU
		{74D87DBF-C2EF-4F14-A68F-6171B1CB28A4}.Release|Any CPU.Build.0 = Release|Any CPU
	EndGlobalSection
	GlobalSection(SolutionProperties) = preSolution
		HideSolutionNode = FALSE
	EndGlobalSection
EndGlobal
